
Microsoft Visual Studio Solution File, Format Version 12.00
# Visual Studio Version 17
VisualStudioVersion = 17.9.34902.65
MinimumVisualStudioVersion = 10.0.40219.1
Project("{2150E333-8FDC-42A3-9474-1A3956D46DE8}") = "Solution Items", "Solution Items", "{2E653BC1-A31B-43C2-A54B-93D301E0A335}"
EndProject
Project("{2150E333-8FDC-42A3-9474-1A3956D46DE8}") = "src", "src", "{4746E37C-19FB-4F05-B3AD-49A15A1196EE}"
EndProject
Project("{2150E333-8FDC-42A3-9474-1A3956D46DE8}") = "test", "test", "{EECAD19A-BA91-4AA9-B1B3-3FB21032F874}"
EndProject
Project("{2150E333-8FDC-42A3-9474-1A3956D46DE8}") = "00.package", "00.package", "{F8C1C9A3-6CB9-47EF-866F-BEA6904FB9B9}"
EndProject
Project("{2150E333-8FDC-42A3-9474-1A3956D46DE8}") = "01.Core", "01.Core", "{2A08F7F7-11BB-435C-BB4E-194B1B34E42D}"
EndProject
Project("{2150E333-8FDC-42A3-9474-1A3956D46DE8}") = "02.Instructure", "02.Instructure", "{241DDB2B-6C7A-4F6D-9BA9-F8D261BD9296}"
EndProject
Project("{2150E333-8FDC-42A3-9474-1A3956D46DE8}") = "03.Persistention", "03.Persistention", "{6D525423-2863-4365-975A-89775E413018}"
EndProject
Project("{FAE04EC0-301F-11D3-BF4B-00C04F79EFBC}") = "Apps.Contracts", "App.Contracts\Apps.Contracts.csproj", "{990FFD6C-E5DF-4F58-B225-6188EA3A2D7D}"
EndProject
Project("{FAE04EC0-301F-11D3-BF4B-00C04F79EFBC}") = "Apps.Entitis", "App.Entitis\Apps.Entitis.csproj", "{61C77313-7D26-4BCF-A0FF-54A77645BFAD}"
EndProject
Project("{FAE04EC0-301F-11D3-BF4B-00C04F79EFBC}") = "Apps.Services", "Apps.Services\Apps.Services.csproj", "{A6BD2542-3E24-49E6-915D-9903D1FB8162}"
EndProject
Project("{FAE04EC0-301F-11D3-BF4B-00C04F79EFBC}") = "Apps.migrations", "App.migrations\Apps.migrations.csproj", "{540A1C33-6FF6-468F-AB21-16A01C101C7E}"
EndProject
Project("{FAE04EC0-301F-11D3-BF4B-00C04F79EFBC}") = "Apps.persistence.EF", "Apps.persistence.EF\Apps.persistence.EF.csproj", "{1B028531-A07E-4042-8607-84380963E3F4}"
EndProject
Project("{FAE04EC0-301F-11D3-BF4B-00C04F79EFBC}") = "Apps.RestApi", "Apps.RestApi\Apps.RestApi.csproj", "{AE5C9346-DA25-4C7B-AB7D-C1A1E6A99B93}"
EndProject
Project("{FAE04EC0-301F-11D3-BF4B-00C04F79EFBC}") = "Apps.Service.UnitTest", "Apps.Service.UnitTest\Apps.Service.UnitTest.csproj", "{218DC998-9A0A-4527-9EDD-EF4B467A8C5F}"
EndProject
Project("{FAE04EC0-301F-11D3-BF4B-00C04F79EFBC}") = "Apps.Test.Tools", "Apps.Test.Tools\Apps.Test.Tools.csproj", "{A128C1E8-74A9-4733-9B3D-E771D27A614A}"
EndProject
Global
	GlobalSection(SolutionConfigurationPlatforms) = preSolution
		Debug|Any CPU = Debug|Any CPU
		Release|Any CPU = Release|Any CPU
	EndGlobalSection
	GlobalSection(ProjectConfigurationPlatforms) = postSolution
		{990FFD6C-E5DF-4F58-B225-6188EA3A2D7D}.Debug|Any CPU.ActiveCfg = Debug|Any CPU
		{990FFD6C-E5DF-4F58-B225-6188EA3A2D7D}.Debug|Any CPU.Build.0 = Debug|Any CPU
		{990FFD6C-E5DF-4F58-B225-6188EA3A2D7D}.Release|Any CPU.ActiveCfg = Release|Any CPU
		{990FFD6C-E5DF-4F58-B225-6188EA3A2D7D}.Release|Any CPU.Build.0 = Release|Any CPU
		{61C77313-7D26-4BCF-A0FF-54A77645BFAD}.Debug|Any CPU.ActiveCfg = Debug|Any CPU
		{61C77313-7D26-4BCF-A0FF-54A77645BFAD}.Debug|Any CPU.Build.0 = Debug|Any CPU
		{61C77313-7D26-4BCF-A0FF-54A77645BFAD}.Release|Any CPU.ActiveCfg = Release|Any CPU
		{61C77313-7D26-4BCF-A0FF-54A77645BFAD}.Release|Any CPU.Build.0 = Release|Any CPU
		{A6BD2542-3E24-49E6-915D-9903D1FB8162}.Debug|Any CPU.ActiveCfg = Debug|Any CPU
		{A6BD2542-3E24-49E6-915D-9903D1FB8162}.Debug|Any CPU.Build.0 = Debug|Any CPU
		{A6BD2542-3E24-49E6-915D-9903D1FB8162}.Release|Any CPU.ActiveCfg = Release|Any CPU
		{A6BD2542-3E24-49E6-915D-9903D1FB8162}.Release|Any CPU.Build.0 = Release|Any CPU
		{540A1C33-6FF6-468F-AB21-16A01C101C7E}.Debug|Any CPU.ActiveCfg = Debug|Any CPU
		{540A1C33-6FF6-468F-AB21-16A01C101C7E}.Debug|Any CPU.Build.0 = Debug|Any CPU
		{540A1C33-6FF6-468F-AB21-16A01C101C7E}.Release|Any CPU.ActiveCfg = Release|Any CPU
		{540A1C33-6FF6-468F-AB21-16A01C101C7E}.Release|Any CPU.Build.0 = Release|Any CPU
		{1B028531-A07E-4042-8607-84380963E3F4}.Debug|Any CPU.ActiveCfg = Debug|Any CPU
		{1B028531-A07E-4042-8607-84380963E3F4}.Debug|Any CPU.Build.0 = Debug|Any CPU
		{1B028531-A07E-4042-8607-84380963E3F4}.Release|Any CPU.ActiveCfg = Release|Any CPU
		{1B028531-A07E-4042-8607-84380963E3F4}.Release|Any CPU.Build.0 = Release|Any CPU
		{AE5C9346-DA25-4C7B-AB7D-C1A1E6A99B93}.Debug|Any CPU.ActiveCfg = Debug|Any CPU
		{AE5C9346-DA25-4C7B-AB7D-C1A1E6A99B93}.Debug|Any CPU.Build.0 = Debug|Any CPU
		{AE5C9346-DA25-4C7B-AB7D-C1A1E6A99B93}.Release|Any CPU.ActiveCfg = Release|Any CPU
		{AE5C9346-DA25-4C7B-AB7D-C1A1E6A99B93}.Release|Any CPU.Build.0 = Release|Any CPU
		{218DC998-9A0A-4527-9EDD-EF4B467A8C5F}.Debug|Any CPU.ActiveCfg = Debug|Any CPU
		{218DC998-9A0A-4527-9EDD-EF4B467A8C5F}.Debug|Any CPU.Build.0 = Debug|Any CPU
		{218DC998-9A0A-4527-9EDD-EF4B467A8C5F}.Release|Any CPU.ActiveCfg = Release|Any CPU
		{218DC998-9A0A-4527-9EDD-EF4B467A8C5F}.Release|Any CPU.Build.0 = Release|Any CPU
		{A128C1E8-74A9-4733-9B3D-E771D27A614A}.Debug|Any CPU.ActiveCfg = Debug|Any CPU
		{A128C1E8-74A9-4733-9B3D-E771D27A614A}.Debug|Any CPU.Build.0 = Debug|Any CPU
		{A128C1E8-74A9-4733-9B3D-E771D27A614A}.Release|Any CPU.ActiveCfg = Release|Any CPU
		{A128C1E8-74A9-4733-9B3D-E771D27A614A}.Release|Any CPU.Build.0 = Release|Any CPU
	EndGlobalSection
	GlobalSection(SolutionProperties) = preSolution
		HideSolutionNode = FALSE
	EndGlobalSection
	GlobalSection(NestedProjects) = preSolution
		{F8C1C9A3-6CB9-47EF-866F-BEA6904FB9B9} = {4746E37C-19FB-4F05-B3AD-49A15A1196EE}
		{2A08F7F7-11BB-435C-BB4E-194B1B34E42D} = {4746E37C-19FB-4F05-B3AD-49A15A1196EE}
		{241DDB2B-6C7A-4F6D-9BA9-F8D261BD9296} = {4746E37C-19FB-4F05-B3AD-49A15A1196EE}
		{6D525423-2863-4365-975A-89775E413018} = {4746E37C-19FB-4F05-B3AD-49A15A1196EE}
		{990FFD6C-E5DF-4F58-B225-6188EA3A2D7D} = {F8C1C9A3-6CB9-47EF-866F-BEA6904FB9B9}
		{61C77313-7D26-4BCF-A0FF-54A77645BFAD} = {2A08F7F7-11BB-435C-BB4E-194B1B34E42D}
		{A6BD2542-3E24-49E6-915D-9903D1FB8162} = {2A08F7F7-11BB-435C-BB4E-194B1B34E42D}
		{540A1C33-6FF6-468F-AB21-16A01C101C7E} = {241DDB2B-6C7A-4F6D-9BA9-F8D261BD9296}
		{1B028531-A07E-4042-8607-84380963E3F4} = {241DDB2B-6C7A-4F6D-9BA9-F8D261BD9296}
		{AE5C9346-DA25-4C7B-AB7D-C1A1E6A99B93} = {6D525423-2863-4365-975A-89775E413018}
		{218DC998-9A0A-4527-9EDD-EF4B467A8C5F} = {EECAD19A-BA91-4AA9-B1B3-3FB21032F874}
		{A128C1E8-74A9-4733-9B3D-E771D27A614A} = {EECAD19A-BA91-4AA9-B1B3-3FB21032F874}
	EndGlobalSection
	GlobalSection(ExtensibilityGlobals) = postSolution
		SolutionGuid = {96C84C49-5BE0-464D-A7B6-8194868CA379}
	EndGlobalSection
EndGlobal
